// !$*UTF8*$!
{
	archiveVersion = 1;
	classes = {
	};
	objectVersion = 51;
	objects = {

/* Begin PBXBuildFile section */
		3BA619AC80279C193FAF2165 /* Pods_playTests.framework in Frameworks */ = {isa = PBXBuildFile; fileRef = FEC00CFE682E32A17CF25970 /* Pods_playTests.framework */; };
		AB71B4D1E04A30BCF1F65B24 /* Pods_playUITests.framework in Frameworks */ = {isa = PBXBuildFile; fileRef = B200D14C1F02B4FBA866CFDB /* Pods_playUITests.framework */; };
		D7C352889A2B265D0AE07869 /* Pods_play.framework in Frameworks */ = {isa = PBXBuildFile; fileRef = 78D82D0F7D16388A7F371525 /* Pods_play.framework */; };
		FA01152322DF84E800F8234A /* Models.swift in Sources */ = {isa = PBXBuildFile; fileRef = FA01152222DF84E800F8234A /* Models.swift */; };
		FA01152522DF851B00F8234A /* Fetchers.swift in Sources */ = {isa = PBXBuildFile; fileRef = FA01152422DF851B00F8234A /* Fetchers.swift */; };
		FA121DA02303348D004B14C9 /* ImageVC.swift in Sources */ = {isa = PBXBuildFile; fileRef = FA121D9F2303348D004B14C9 /* ImageVC.swift */; };
		FA13922A22D8ED93006D64B4 /* AppDelegate.swift in Sources */ = {isa = PBXBuildFile; fileRef = FA13922922D8ED93006D64B4 /* AppDelegate.swift */; };
		FA13922C22D8ED93006D64B4 /* ViewController.swift in Sources */ = {isa = PBXBuildFile; fileRef = FA13922B22D8ED93006D64B4 /* ViewController.swift */; };
		FA13922F22D8ED93006D64B4 /* Main.storyboard in Resources */ = {isa = PBXBuildFile; fileRef = FA13922D22D8ED93006D64B4 /* Main.storyboard */; };
		FA13923222D8ED93006D64B4 /* play.xcdatamodeld in Sources */ = {isa = PBXBuildFile; fileRef = FA13923022D8ED93006D64B4 /* play.xcdatamodeld */; };
		FA13923422D8ED94006D64B4 /* Assets.xcassets in Resources */ = {isa = PBXBuildFile; fileRef = FA13923322D8ED94006D64B4 /* Assets.xcassets */; };
		FA13923722D8ED94006D64B4 /* LaunchScreen.storyboard in Resources */ = {isa = PBXBuildFile; fileRef = FA13923522D8ED94006D64B4 /* LaunchScreen.storyboard */; };
		FA13924222D8ED95006D64B4 /* playTests.swift in Sources */ = {isa = PBXBuildFile; fileRef = FA13924122D8ED95006D64B4 /* playTests.swift */; };
		FA13924D22D8ED95006D64B4 /* playUITests.swift in Sources */ = {isa = PBXBuildFile; fileRef = FA13924C22D8ED95006D64B4 /* playUITests.swift */; };
		FA13F4B322FF2AEA0014CED5 /* AddCategoryAdminVC.swift in Sources */ = {isa = PBXBuildFile; fileRef = FA13F4B222FF2AEA0014CED5 /* AddCategoryAdminVC.swift */; };
		FA142AE322F85D2E00C56AA7 /* RightToLeft.swift in Sources */ = {isa = PBXBuildFile; fileRef = FA142AE222F85D2E00C56AA7 /* RightToLeft.swift */; };
		FA142AE522F85DE400C56AA7 /* LeftToRight.swift in Sources */ = {isa = PBXBuildFile; fileRef = FA142AE422F85DE400C56AA7 /* LeftToRight.swift */; };
		FA142AE722F85EE600C56AA7 /* DownUpSegue.swift in Sources */ = {isa = PBXBuildFile; fileRef = FA142AE622F85EE600C56AA7 /* DownUpSegue.swift */; };
		FA142AE922F85F0800C56AA7 /* UpDownSegue.swift in Sources */ = {isa = PBXBuildFile; fileRef = FA142AE822F85F0800C56AA7 /* UpDownSegue.swift */; };
		FA17BB9F22FB3AF200CC7803 /* FailedBookingReport.swift in Sources */ = {isa = PBXBuildFile; fileRef = FA17BB9E22FB3AF200CC7803 /* FailedBookingReport.swift */; };
		FA17BBA122FB3E4A00CC7803 /* FailReportCell.swift in Sources */ = {isa = PBXBuildFile; fileRef = FA17BBA022FB3E4A00CC7803 /* FailReportCell.swift */; };
		FA1C56512305AA46007F1BB9 /* Cache.swift in Sources */ = {isa = PBXBuildFile; fileRef = FA1C56502305AA46007F1BB9 /* Cache.swift */; };
		FA1C56532305E71A007F1BB9 /* GalleryVC.swift in Sources */ = {isa = PBXBuildFile; fileRef = FA1C56522305E71A007F1BB9 /* GalleryVC.swift */; };
		FA3CD83222DBA3FD00BE5558 /* PanouPrimire.swift in Sources */ = {isa = PBXBuildFile; fileRef = FA3CD83122DBA3FD00BE5558 /* PanouPrimire.swift */; };
		FA3CD83422DBA60F00BE5558 /* CreareCont.swift in Sources */ = {isa = PBXBuildFile; fileRef = FA3CD83322DBA60F00BE5558 /* CreareCont.swift */; };
		FA40234D2301FF2100F8B6DE /* GlobalUtils.swift in Sources */ = {isa = PBXBuildFile; fileRef = FA40234C2301FF2100F8B6DE /* GlobalUtils.swift */; };
		FA5A6B7922FF1DBC00F0764E /* AdminCategoriesVC.swift in Sources */ = {isa = PBXBuildFile; fileRef = FA5A6B7822FF1DBC00F0764E /* AdminCategoriesVC.swift */; };
		FA82715B232AEA4500B4D626 /* myAccount.swift in Sources */ = {isa = PBXBuildFile; fileRef = FA82715A232AEA4500B4D626 /* myAccount.swift */; };
		FA8396D322EDD0B800130FAF /* TableViewCell.swift in Sources */ = {isa = PBXBuildFile; fileRef = FA8396D222EDD0B800130FAF /* TableViewCell.swift */; };
		FAA6E9B522EC375B002090C3 /* ResetPassword.swift in Sources */ = {isa = PBXBuildFile; fileRef = FAA6E9B422EC375B002090C3 /* ResetPassword.swift */; };
		FAA6E9B722EC45FE002090C3 /* fetcher_testers.swift in Sources */ = {isa = PBXBuildFile; fileRef = FAA6E9B622EC45FE002090C3 /* fetcher_testers.swift */; };
		FAA6E9B922ED840F002090C3 /* Writters.swift in Sources */ = {isa = PBXBuildFile; fileRef = FAA6E9B822ED840F002090C3 /* Writters.swift */; };
		FAA6E9BB22EDA9CF002090C3 /* BookItemVC.swift in Sources */ = {isa = PBXBuildFile; fileRef = FAA6E9BA22EDA9CF002090C3 /* BookItemVC.swift */; };
		FAA6E9BF22EDB55D002090C3 /* DateHeader.swift in Sources */ = {isa = PBXBuildFile; fileRef = FAA6E9BE22EDB55D002090C3 /* DateHeader.swift */; };
		FAA8B816232E5A2800C909DC /* AdminConturi.swift in Sources */ = {isa = PBXBuildFile; fileRef = FAA8B815232E5A2800C909DC /* AdminConturi.swift */; };
		FAA8B818232E7B1600C909DC /* Bodyguard.swift in Sources */ = {isa = PBXBuildFile; fileRef = FAA8B817232E7B1600C909DC /* Bodyguard.swift */; };
		FAA8B81A232F5B4C00C909DC /* AboutVC.swift in Sources */ = {isa = PBXBuildFile; fileRef = FAA8B819232F5B4C00C909DC /* AboutVC.swift */; };
		FAAD176422F2B47C00881325 /* MyBookings.swift in Sources */ = {isa = PBXBuildFile; fileRef = FAAD176322F2B47C00881325 /* MyBookings.swift */; };
		FAB465B22309BD7700436142 /* ModifyCategoryVC.swift in Sources */ = {isa = PBXBuildFile; fileRef = FAB465B12309BD7700436142 /* ModifyCategoryVC.swift */; };
		FAC45C602325925900DEAE6C /* InternetManager.swift in Sources */ = {isa = PBXBuildFile; fileRef = FAC45C5F2325925900DEAE6C /* InternetManager.swift */; };
		FAC45C642327C2F700DEAE6C /* ModifyItemVC.swift in Sources */ = {isa = PBXBuildFile; fileRef = FAC45C632327C2F700DEAE6C /* ModifyItemVC.swift */; };
		FAC45C66232815CF00DEAE6C /* ImageVC2.swift in Sources */ = {isa = PBXBuildFile; fileRef = FAC45C65232815CF00DEAE6C /* ImageVC2.swift */; };
		FAC8F98523301D8F008EB515 /* GoogleService-Info.plist in Resources */ = {isa = PBXBuildFile; fileRef = FAC8F98423301D8F008EB515 /* GoogleService-Info.plist */; };
		FACFEAE822F4CB2F00270F25 /* Deleters.swift in Sources */ = {isa = PBXBuildFile; fileRef = FACFEAE722F4CB2F00270F25 /* Deleters.swift */; };
		FAD3C92422DCACAC0068E52D /* utils.swift in Sources */ = {isa = PBXBuildFile; fileRef = FAD3C92322DCACAC0068E52D /* utils.swift */; };
		FAE9F5D822F7068A0074B36D /* AdminVC.swift in Sources */ = {isa = PBXBuildFile; fileRef = FAE9F5D722F7068A0074B36D /* AdminVC.swift */; };
		FAEF5F2A22FEC99800E5AC6F /* AdminItemsVC.swift in Sources */ = {isa = PBXBuildFile; fileRef = FAEF5F2922FEC99800E5AC6F /* AdminItemsVC.swift */; };
		FAEF5F2C22FED01C00E5AC6F /* AddItemAdminVC.swift in Sources */ = {isa = PBXBuildFile; fileRef = FAEF5F2B22FED01C00E5AC6F /* AddItemAdminVC.swift */; };
/* End PBXBuildFile section */

/* Begin PBXContainerItemProxy section */
		FA13923E22D8ED95006D64B4 /* PBXContainerItemProxy */ = {
			isa = PBXContainerItemProxy;
			containerPortal = FA13921E22D8ED93006D64B4 /* Project object */;
			proxyType = 1;
			remoteGlobalIDString = FA13922522D8ED93006D64B4;
			remoteInfo = play;
		};
		FA13924922D8ED95006D64B4 /* PBXContainerItemProxy */ = {
			isa = PBXContainerItemProxy;
			containerPortal = FA13921E22D8ED93006D64B4 /* Project object */;
			proxyType = 1;
			remoteGlobalIDString = FA13922522D8ED93006D64B4;
			remoteInfo = play;
		};
/* End PBXContainerItemProxy section */

/* Begin PBXFileReference section */
		040ED91A2D4EF1E41E8E26D8 /* Pods-playTests.release.xcconfig */ = {isa = PBXFileReference; includeInIndex = 1; lastKnownFileType = text.xcconfig; name = "Pods-playTests.release.xcconfig"; path = "Target Support Files/Pods-playTests/Pods-playTests.release.xcconfig"; sourceTree = "<group>"; };
		081A6BF21E0806C410BB657B /* Pods-play.debug.xcconfig */ = {isa = PBXFileReference; includeInIndex = 1; lastKnownFileType = text.xcconfig; name = "Pods-play.debug.xcconfig"; path = "Target Support Files/Pods-play/Pods-play.debug.xcconfig"; sourceTree = "<group>"; };
		2948F6402E54DF6749154B62 /* Pods-play.release.xcconfig */ = {isa = PBXFileReference; includeInIndex = 1; lastKnownFileType = text.xcconfig; name = "Pods-play.release.xcconfig"; path = "Target Support Files/Pods-play/Pods-play.release.xcconfig"; sourceTree = "<group>"; };
		78D82D0F7D16388A7F371525 /* Pods_play.framework */ = {isa = PBXFileReference; explicitFileType = wrapper.framework; includeInIndex = 0; path = Pods_play.framework; sourceTree = BUILT_PRODUCTS_DIR; };
		B200D14C1F02B4FBA866CFDB /* Pods_playUITests.framework */ = {isa = PBXFileReference; explicitFileType = wrapper.framework; includeInIndex = 0; path = Pods_playUITests.framework; sourceTree = BUILT_PRODUCTS_DIR; };
		C11ADAAE80A32F93CA0BE611 /* Pods-playUITests.release.xcconfig */ = {isa = PBXFileReference; includeInIndex = 1; lastKnownFileType = text.xcconfig; name = "Pods-playUITests.release.xcconfig"; path = "Target Support Files/Pods-playUITests/Pods-playUITests.release.xcconfig"; sourceTree = "<group>"; };
		D47F7EE3B6011E2083139C4B /* Pods-playUITests.debug.xcconfig */ = {isa = PBXFileReference; includeInIndex = 1; lastKnownFileType = text.xcconfig; name = "Pods-playUITests.debug.xcconfig"; path = "Target Support Files/Pods-playUITests/Pods-playUITests.debug.xcconfig"; sourceTree = "<group>"; };
		E4EC6F7C95DB58B5B464D396 /* Pods-playTests.debug.xcconfig */ = {isa = PBXFileReference; includeInIndex = 1; lastKnownFileType = text.xcconfig; name = "Pods-playTests.debug.xcconfig"; path = "Target Support Files/Pods-playTests/Pods-playTests.debug.xcconfig"; sourceTree = "<group>"; };
		FA01152222DF84E800F8234A /* Models.swift */ = {isa = PBXFileReference; lastKnownFileType = sourcecode.swift; name = Models.swift; path = /Users/alex/repos/play/play/Models.swift; sourceTree = "<absolute>"; };
		FA01152422DF851B00F8234A /* Fetchers.swift */ = {isa = PBXFileReference; lastKnownFileType = sourcecode.swift; path = Fetchers.swift; sourceTree = "<group>"; };
		FA121D9F2303348D004B14C9 /* ImageVC.swift */ = {isa = PBXFileReference; lastKnownFileType = sourcecode.swift; path = ImageVC.swift; sourceTree = "<group>"; };
		FA13922622D8ED93006D64B4 /* play.app */ = {isa = PBXFileReference; explicitFileType = wrapper.application; includeInIndex = 0; path = play.app; sourceTree = BUILT_PRODUCTS_DIR; };
		FA13922922D8ED93006D64B4 /* AppDelegate.swift */ = {isa = PBXFileReference; lastKnownFileType = sourcecode.swift; path = AppDelegate.swift; sourceTree = "<group>"; };
		FA13922B22D8ED93006D64B4 /* ViewController.swift */ = {isa = PBXFileReference; lastKnownFileType = sourcecode.swift; path = ViewController.swift; sourceTree = "<group>"; };
		FA13922E22D8ED93006D64B4 /* Base */ = {isa = PBXFileReference; lastKnownFileType = file.storyboard; name = Base; path = Base.lproj/Main.storyboard; sourceTree = "<group>"; };
		FA13923122D8ED93006D64B4 /* play.xcdatamodel */ = {isa = PBXFileReference; lastKnownFileType = wrapper.xcdatamodel; path = play.xcdatamodel; sourceTree = "<group>"; };
		FA13923322D8ED94006D64B4 /* Assets.xcassets */ = {isa = PBXFileReference; lastKnownFileType = folder.assetcatalog; path = Assets.xcassets; sourceTree = "<group>"; };
		FA13923622D8ED94006D64B4 /* Base */ = {isa = PBXFileReference; lastKnownFileType = file.storyboard; name = Base; path = Base.lproj/LaunchScreen.storyboard; sourceTree = "<group>"; };
		FA13923822D8ED95006D64B4 /* Info.plist */ = {isa = PBXFileReference; lastKnownFileType = text.plist.xml; path = Info.plist; sourceTree = "<group>"; };
		FA13923D22D8ED95006D64B4 /* playTests.xctest */ = {isa = PBXFileReference; explicitFileType = wrapper.cfbundle; includeInIndex = 0; path = playTests.xctest; sourceTree = BUILT_PRODUCTS_DIR; };
		FA13924122D8ED95006D64B4 /* playTests.swift */ = {isa = PBXFileReference; lastKnownFileType = sourcecode.swift; path = playTests.swift; sourceTree = "<group>"; };
		FA13924322D8ED95006D64B4 /* Info.plist */ = {isa = PBXFileReference; lastKnownFileType = text.plist.xml; path = Info.plist; sourceTree = "<group>"; };
		FA13924822D8ED95006D64B4 /* playUITests.xctest */ = {isa = PBXFileReference; explicitFileType = wrapper.cfbundle; includeInIndex = 0; path = playUITests.xctest; sourceTree = BUILT_PRODUCTS_DIR; };
		FA13924C22D8ED95006D64B4 /* playUITests.swift */ = {isa = PBXFileReference; lastKnownFileType = sourcecode.swift; path = playUITests.swift; sourceTree = "<group>"; };
		FA13924E22D8ED95006D64B4 /* Info.plist */ = {isa = PBXFileReference; lastKnownFileType = text.plist.xml; path = Info.plist; sourceTree = "<group>"; };
		FA13F4B222FF2AEA0014CED5 /* AddCategoryAdminVC.swift */ = {isa = PBXFileReference; lastKnownFileType = sourcecode.swift; path = AddCategoryAdminVC.swift; sourceTree = "<group>"; };
		FA142AE222F85D2E00C56AA7 /* RightToLeft.swift */ = {isa = PBXFileReference; lastKnownFileType = sourcecode.swift; path = RightToLeft.swift; sourceTree = "<group>"; };
		FA142AE422F85DE400C56AA7 /* LeftToRight.swift */ = {isa = PBXFileReference; lastKnownFileType = sourcecode.swift; path = LeftToRight.swift; sourceTree = "<group>"; };
		FA142AE622F85EE600C56AA7 /* DownUpSegue.swift */ = {isa = PBXFileReference; lastKnownFileType = sourcecode.swift; path = DownUpSegue.swift; sourceTree = "<group>"; };
		FA142AE822F85F0800C56AA7 /* UpDownSegue.swift */ = {isa = PBXFileReference; lastKnownFileType = sourcecode.swift; path = UpDownSegue.swift; sourceTree = "<group>"; };
		FA17BB9E22FB3AF200CC7803 /* FailedBookingReport.swift */ = {isa = PBXFileReference; lastKnownFileType = sourcecode.swift; path = FailedBookingReport.swift; sourceTree = "<group>"; };
		FA17BBA022FB3E4A00CC7803 /* FailReportCell.swift */ = {isa = PBXFileReference; lastKnownFileType = sourcecode.swift; path = FailReportCell.swift; sourceTree = "<group>"; };
		FA1C56502305AA46007F1BB9 /* Cache.swift */ = {isa = PBXFileReference; lastKnownFileType = sourcecode.swift; path = Cache.swift; sourceTree = "<group>"; };
		FA1C56522305E71A007F1BB9 /* GalleryVC.swift */ = {isa = PBXFileReference; lastKnownFileType = sourcecode.swift; path = GalleryVC.swift; sourceTree = "<group>"; };
		FA3CD83122DBA3FD00BE5558 /* PanouPrimire.swift */ = {isa = PBXFileReference; lastKnownFileType = sourcecode.swift; name = PanouPrimire.swift; path = /Users/alex/repos/play/play/PanouPrimire.swift; sourceTree = "<absolute>"; };
		FA3CD83322DBA60F00BE5558 /* CreareCont.swift */ = {isa = PBXFileReference; lastKnownFileType = sourcecode.swift; path = CreareCont.swift; sourceTree = "<group>"; };
		FA40234C2301FF2100F8B6DE /* GlobalUtils.swift */ = {isa = PBXFileReference; lastKnownFileType = sourcecode.swift; path = GlobalUtils.swift; sourceTree = "<group>"; };
		FA5A6B7822FF1DBC00F0764E /* AdminCategoriesVC.swift */ = {isa = PBXFileReference; lastKnownFileType = sourcecode.swift; path = AdminCategoriesVC.swift; sourceTree = "<group>"; };
		FA82715A232AEA4500B4D626 /* myAccount.swift */ = {isa = PBXFileReference; lastKnownFileType = sourcecode.swift; path = myAccount.swift; sourceTree = "<group>"; };
		FA8396D222EDD0B800130FAF /* TableViewCell.swift */ = {isa = PBXFileReference; lastKnownFileType = sourcecode.swift; path = TableViewCell.swift; sourceTree = "<group>"; };
		FAA6E9B422EC375B002090C3 /* ResetPassword.swift */ = {isa = PBXFileReference; lastKnownFileType = sourcecode.swift; name = ResetPassword.swift; path = /Users/alex/repos/play/play/VCs/ResetPassword.swift; sourceTree = "<absolute>"; };
		FAA6E9B622EC45FE002090C3 /* fetcher_testers.swift */ = {isa = PBXFileReference; lastKnownFileType = sourcecode.swift; path = fetcher_testers.swift; sourceTree = "<group>"; };
		FAA6E9B822ED840F002090C3 /* Writters.swift */ = {isa = PBXFileReference; lastKnownFileType = sourcecode.swift; path = Writters.swift; sourceTree = "<group>"; };
		FAA6E9BA22EDA9CF002090C3 /* BookItemVC.swift */ = {isa = PBXFileReference; lastKnownFileType = sourcecode.swift; path = BookItemVC.swift; sourceTree = "<group>"; };
		FAA6E9BE22EDB55D002090C3 /* DateHeader.swift */ = {isa = PBXFileReference; lastKnownFileType = sourcecode.swift; path = DateHeader.swift; sourceTree = "<group>"; };
		FAA8B815232E5A2800C909DC /* AdminConturi.swift */ = {isa = PBXFileReference; lastKnownFileType = sourcecode.swift; path = AdminConturi.swift; sourceTree = "<group>"; };
		FAA8B817232E7B1600C909DC /* Bodyguard.swift */ = {isa = PBXFileReference; lastKnownFileType = sourcecode.swift; path = Bodyguard.swift; sourceTree = "<group>"; };
		FAA8B819232F5B4C00C909DC /* AboutVC.swift */ = {isa = PBXFileReference; lastKnownFileType = sourcecode.swift; path = AboutVC.swift; sourceTree = "<group>"; };
		FAAD176322F2B47C00881325 /* MyBookings.swift */ = {isa = PBXFileReference; lastKnownFileType = sourcecode.swift; path = MyBookings.swift; sourceTree = "<group>"; };
		FAB465B12309BD7700436142 /* ModifyCategoryVC.swift */ = {isa = PBXFileReference; lastKnownFileType = sourcecode.swift; path = ModifyCategoryVC.swift; sourceTree = "<group>"; };
		FAC45C5F2325925900DEAE6C /* InternetManager.swift */ = {isa = PBXFileReference; lastKnownFileType = sourcecode.swift; name = InternetManager.swift; path = /Users/alex/repos/play/play/InternetManager.swift; sourceTree = "<absolute>"; };
		FAC45C632327C2F700DEAE6C /* ModifyItemVC.swift */ = {isa = PBXFileReference; lastKnownFileType = sourcecode.swift; path = ModifyItemVC.swift; sourceTree = "<group>"; };
		FAC45C65232815CF00DEAE6C /* ImageVC2.swift */ = {isa = PBXFileReference; lastKnownFileType = sourcecode.swift; path = ImageVC2.swift; sourceTree = "<group>"; };
		FAC8F98423301D8F008EB515 /* GoogleService-Info.plist */ = {isa = PBXFileReference; fileEncoding = 4; lastKnownFileType = text.plist.xml; path = "GoogleService-Info.plist"; sourceTree = "<group>"; };
		FACFEAE722F4CB2F00270F25 /* Deleters.swift */ = {isa = PBXFileReference; lastKnownFileType = sourcecode.swift; name = Deleters.swift; path = /Users/alex/repos/play/play/Deleters.swift; sourceTree = "<absolute>"; };
		FAD3C92322DCACAC0068E52D /* utils.swift */ = {isa = PBXFileReference; lastKnownFileType = sourcecode.swift; path = utils.swift; sourceTree = "<group>"; };
		FAE9F5D722F7068A0074B36D /* AdminVC.swift */ = {isa = PBXFileReference; lastKnownFileType = sourcecode.swift; path = AdminVC.swift; sourceTree = "<group>"; };
		FAEF5F2922FEC99800E5AC6F /* AdminItemsVC.swift */ = {isa = PBXFileReference; lastKnownFileType = sourcecode.swift; path = AdminItemsVC.swift; sourceTree = "<group>"; };
		FAEF5F2B22FED01C00E5AC6F /* AddItemAdminVC.swift */ = {isa = PBXFileReference; lastKnownFileType = sourcecode.swift; path = AddItemAdminVC.swift; sourceTree = "<group>"; };
		FEC00CFE682E32A17CF25970 /* Pods_playTests.framework */ = {isa = PBXFileReference; explicitFileType = wrapper.framework; includeInIndex = 0; path = Pods_playTests.framework; sourceTree = BUILT_PRODUCTS_DIR; };
/* End PBXFileReference section */

/* Begin PBXFrameworksBuildPhase section */
		FA13922322D8ED93006D64B4 /* Frameworks */ = {
			isa = PBXFrameworksBuildPhase;
			buildActionMask = 2147483647;
			files = (
				D7C352889A2B265D0AE07869 /* Pods_play.framework in Frameworks */,
			);
			runOnlyForDeploymentPostprocessing = 0;
		};
		FA13923A22D8ED95006D64B4 /* Frameworks */ = {
			isa = PBXFrameworksBuildPhase;
			buildActionMask = 2147483647;
			files = (
				3BA619AC80279C193FAF2165 /* Pods_playTests.framework in Frameworks */,
			);
			runOnlyForDeploymentPostprocessing = 0;
		};
		FA13924522D8ED95006D64B4 /* Frameworks */ = {
			isa = PBXFrameworksBuildPhase;
			buildActionMask = 2147483647;
			files = (
				AB71B4D1E04A30BCF1F65B24 /* Pods_playUITests.framework in Frameworks */,
			);
			runOnlyForDeploymentPostprocessing = 0;
		};
/* End PBXFrameworksBuildPhase section */

/* Begin PBXGroup section */
		B30BA0DFDCC337052FB55CFA /* Pods */ = {
			isa = PBXGroup;
			children = (
				081A6BF21E0806C410BB657B /* Pods-play.debug.xcconfig */,
				2948F6402E54DF6749154B62 /* Pods-play.release.xcconfig */,
				E4EC6F7C95DB58B5B464D396 /* Pods-playTests.debug.xcconfig */,
				040ED91A2D4EF1E41E8E26D8 /* Pods-playTests.release.xcconfig */,
				D47F7EE3B6011E2083139C4B /* Pods-playUITests.debug.xcconfig */,
				C11ADAAE80A32F93CA0BE611 /* Pods-playUITests.release.xcconfig */,
			);
			path = Pods;
			sourceTree = "<group>";
		};
		F021523F8356E41525B91BE8 /* Frameworks */ = {
			isa = PBXGroup;
			children = (
				78D82D0F7D16388A7F371525 /* Pods_play.framework */,
				FEC00CFE682E32A17CF25970 /* Pods_playTests.framework */,
				B200D14C1F02B4FBA866CFDB /* Pods_playUITests.framework */,
			);
			name = Frameworks;
			sourceTree = "<group>";
		};
		FA01151F22DF845D00F8234A /* VCs */ = {
			isa = PBXGroup;
			children = (
				FAEF5F2822FEC86800E5AC6F /* Admin */,
				FAA6E9B422EC375B002090C3 /* ResetPassword.swift */,
				FAA8B819232F5B4C00C909DC /* AboutVC.swift */,
				FA13922B22D8ED93006D64B4 /* ViewController.swift */,
				FA3CD83322DBA60F00BE5558 /* CreareCont.swift */,
				FA3CD83122DBA3FD00BE5558 /* PanouPrimire.swift */,
				FAA6E9BA22EDA9CF002090C3 /* BookItemVC.swift */,
				FA17BB9E22FB3AF200CC7803 /* FailedBookingReport.swift */,
				FA1C56522305E71A007F1BB9 /* GalleryVC.swift */,
				FAA6E9BE22EDB55D002090C3 /* DateHeader.swift */,
				FA8396D222EDD0B800130FAF /* TableViewCell.swift */,
				FAAD176322F2B47C00881325 /* MyBookings.swift */,
				FA17BBA022FB3E4A00CC7803 /* FailReportCell.swift */,
				FA82715A232AEA4500B4D626 /* myAccount.swift */,
			);
			path = VCs;
			sourceTree = "<group>";
		};
		FA13921D22D8ED93006D64B4 = {
			isa = PBXGroup;
			children = (
				FA13922822D8ED93006D64B4 /* play */,
				FA13924022D8ED95006D64B4 /* playTests */,
				FA13924B22D8ED95006D64B4 /* playUITests */,
				FA13922722D8ED93006D64B4 /* Products */,
				B30BA0DFDCC337052FB55CFA /* Pods */,
				F021523F8356E41525B91BE8 /* Frameworks */,
			);
			sourceTree = "<group>";
		};
		FA13922722D8ED93006D64B4 /* Products */ = {
			isa = PBXGroup;
			children = (
				FA13922622D8ED93006D64B4 /* play.app */,
				FA13923D22D8ED95006D64B4 /* playTests.xctest */,
				FA13924822D8ED95006D64B4 /* playUITests.xctest */,
			);
			name = Products;
			sourceTree = "<group>";
		};
		FA13922822D8ED93006D64B4 /* play */ = {
			isa = PBXGroup;
			children = (
				FA142ADF22F85D0C00C56AA7 /* Segues */,
				FA1C564F2305AA2F007F1BB9 /* Cache */,
				FA01151F22DF845D00F8234A /* VCs */,
				FACFEAE922F4CB3500270F25 /* API Handlers */,
				FA01152222DF84E800F8234A /* Models.swift */,
				FA13922922D8ED93006D64B4 /* AppDelegate.swift */,
				FAD3C92322DCACAC0068E52D /* utils.swift */,
				FAC45C5F2325925900DEAE6C /* InternetManager.swift */,
				FA40234C2301FF2100F8B6DE /* GlobalUtils.swift */,
				FAA8B817232E7B1600C909DC /* Bodyguard.swift */,
				FA13922D22D8ED93006D64B4 /* Main.storyboard */,
				FA13923322D8ED94006D64B4 /* Assets.xcassets */,
				FA13923522D8ED94006D64B4 /* LaunchScreen.storyboard */,
				FAC8F98423301D8F008EB515 /* GoogleService-Info.plist */,
				FA13923822D8ED95006D64B4 /* Info.plist */,
				FA13923022D8ED93006D64B4 /* play.xcdatamodeld */,
			);
			path = play;
			sourceTree = "<group>";
		};
		FA13924022D8ED95006D64B4 /* playTests */ = {
			isa = PBXGroup;
			children = (
				FA13924122D8ED95006D64B4 /* playTests.swift */,
				FA13924322D8ED95006D64B4 /* Info.plist */,
			);
			path = playTests;
			sourceTree = "<group>";
		};
		FA13924B22D8ED95006D64B4 /* playUITests */ = {
			isa = PBXGroup;
			children = (
				FA13924C22D8ED95006D64B4 /* playUITests.swift */,
				FA13924E22D8ED95006D64B4 /* Info.plist */,
			);
			path = playUITests;
			sourceTree = "<group>";
		};
		FA142ADF22F85D0C00C56AA7 /* Segues */ = {
			isa = PBXGroup;
			children = (
				FA142AE222F85D2E00C56AA7 /* RightToLeft.swift */,
				FA142AE422F85DE400C56AA7 /* LeftToRight.swift */,
				FA142AE622F85EE600C56AA7 /* DownUpSegue.swift */,
				FA142AE822F85F0800C56AA7 /* UpDownSegue.swift */,
			);
			path = Segues;
			sourceTree = "<group>";
		};
		FA1C564F2305AA2F007F1BB9 /* Cache */ = {
			isa = PBXGroup;
			children = (
				FA1C56502305AA46007F1BB9 /* Cache.swift */,
			);
			path = Cache;
			sourceTree = "<group>";
		};
		FACFEAE922F4CB3500270F25 /* API Handlers */ = {
			isa = PBXGroup;
			children = (
				FA01152422DF851B00F8234A /* Fetchers.swift */,
				FAA6E9B622EC45FE002090C3 /* fetcher_testers.swift */,
				FACFEAE722F4CB2F00270F25 /* Deleters.swift */,
				FAA6E9B822ED840F002090C3 /* Writters.swift */,
			);
			path = "API Handlers";
			sourceTree = "<group>";
		};
		FAEF5F2822FEC86800E5AC6F /* Admin */ = {
			isa = PBXGroup;
			children = (
				FAA8B815232E5A2800C909DC /* AdminConturi.swift */,
				FAE9F5D722F7068A0074B36D /* AdminVC.swift */,
				FAEF5F2922FEC99800E5AC6F /* AdminItemsVC.swift */,
				FAEF5F2B22FED01C00E5AC6F /* AddItemAdminVC.swift */,
				FAC45C632327C2F700DEAE6C /* ModifyItemVC.swift */,
				FAC45C65232815CF00DEAE6C /* ImageVC2.swift */,
				FA5A6B7822FF1DBC00F0764E /* AdminCategoriesVC.swift */,
				FAB465B12309BD7700436142 /* ModifyCategoryVC.swift */,
				FA13F4B222FF2AEA0014CED5 /* AddCategoryAdminVC.swift */,
				FA121D9F2303348D004B14C9 /* ImageVC.swift */,
			);
			path = Admin;
			sourceTree = "<group>";
		};
/* End PBXGroup section */

/* Begin PBXNativeTarget section */
		FA13922522D8ED93006D64B4 /* play */ = {
			isa = PBXNativeTarget;
			buildConfigurationList = FA13925122D8ED95006D64B4 /* Build configuration list for PBXNativeTarget "play" */;
			buildPhases = (
				97AEC6D20E1C5AF05AA6CD62 /* [CP] Check Pods Manifest.lock */,
				FA13922222D8ED93006D64B4 /* Sources */,
				FA13922322D8ED93006D64B4 /* Frameworks */,
				FA13922422D8ED93006D64B4 /* Resources */,
				347144D9183D06E070EE90A8 /* [CP] Embed Pods Frameworks */,
				FA827154232A3C7E00B4D626 /* ShellScript */,
			);
			buildRules = (
			);
			dependencies = (
			);
			name = play;
			productName = play;
			productReference = FA13922622D8ED93006D64B4 /* play.app */;
			productType = "com.apple.product-type.application";
		};
		FA13923C22D8ED95006D64B4 /* playTests */ = {
			isa = PBXNativeTarget;
			buildConfigurationList = FA13925422D8ED95006D64B4 /* Build configuration list for PBXNativeTarget "playTests" */;
			buildPhases = (
				F277C90DAB5CAC6918FBD738 /* [CP] Check Pods Manifest.lock */,
				FA13923922D8ED95006D64B4 /* Sources */,
				FA13923A22D8ED95006D64B4 /* Frameworks */,
				FA13923B22D8ED95006D64B4 /* Resources */,
			);
			buildRules = (
			);
			dependencies = (
				FA13923F22D8ED95006D64B4 /* PBXTargetDependency */,
			);
			name = playTests;
			productName = playTests;
			productReference = FA13923D22D8ED95006D64B4 /* playTests.xctest */;
			productType = "com.apple.product-type.bundle.unit-test";
		};
		FA13924722D8ED95006D64B4 /* playUITests */ = {
			isa = PBXNativeTarget;
			buildConfigurationList = FA13925722D8ED95006D64B4 /* Build configuration list for PBXNativeTarget "playUITests" */;
			buildPhases = (
				9A15D206D6404A30879BDA24 /* [CP] Check Pods Manifest.lock */,
				FA13924422D8ED95006D64B4 /* Sources */,
				FA13924522D8ED95006D64B4 /* Frameworks */,
				FA13924622D8ED95006D64B4 /* Resources */,
			);
			buildRules = (
			);
			dependencies = (
				FA13924A22D8ED95006D64B4 /* PBXTargetDependency */,
			);
			name = playUITests;
			productName = playUITests;
			productReference = FA13924822D8ED95006D64B4 /* playUITests.xctest */;
			productType = "com.apple.product-type.bundle.ui-testing";
		};
/* End PBXNativeTarget section */

/* Begin PBXProject section */
		FA13921E22D8ED93006D64B4 /* Project object */ = {
			isa = PBXProject;
			attributes = {
				LastSwiftUpdateCheck = 1010;
				LastUpgradeCheck = 1010;
				ORGANIZATIONNAME = "Alexandru-Mihai Manolescu";
				TargetAttributes = {
					FA13922522D8ED93006D64B4 = {
						CreatedOnToolsVersion = 10.1;
					};
					FA13923C22D8ED95006D64B4 = {
						CreatedOnToolsVersion = 10.1;
						TestTargetID = FA13922522D8ED93006D64B4;
					};
					FA13924722D8ED95006D64B4 = {
						CreatedOnToolsVersion = 10.1;
						TestTargetID = FA13922522D8ED93006D64B4;
					};
				};
			};
			buildConfigurationList = FA13922122D8ED93006D64B4 /* Build configuration list for PBXProject "play" */;
			compatibilityVersion = "Xcode 9.3";
			developmentRegion = en;
			hasScannedForEncodings = 0;
			knownRegions = (
				en,
				Base,
			);
			mainGroup = FA13921D22D8ED93006D64B4;
			productRefGroup = FA13922722D8ED93006D64B4 /* Products */;
			projectDirPath = "";
			projectRoot = "";
			targets = (
				FA13922522D8ED93006D64B4 /* play */,
				FA13923C22D8ED95006D64B4 /* playTests */,
				FA13924722D8ED95006D64B4 /* playUITests */,
			);
		};
/* End PBXProject section */

/* Begin PBXResourcesBuildPhase section */
		FA13922422D8ED93006D64B4 /* Resources */ = {
			isa = PBXResourcesBuildPhase;
			buildActionMask = 2147483647;
			files = (
				FA13923722D8ED94006D64B4 /* LaunchScreen.storyboard in Resources */,
				FAC8F98523301D8F008EB515 /* GoogleService-Info.plist in Resources */,
				FA13923422D8ED94006D64B4 /* Assets.xcassets in Resources */,
				FA13922F22D8ED93006D64B4 /* Main.storyboard in Resources */,
			);
			runOnlyForDeploymentPostprocessing = 0;
		};
		FA13923B22D8ED95006D64B4 /* Resources */ = {
			isa = PBXResourcesBuildPhase;
			buildActionMask = 2147483647;
			files = (
			);
			runOnlyForDeploymentPostprocessing = 0;
		};
		FA13924622D8ED95006D64B4 /* Resources */ = {
			isa = PBXResourcesBuildPhase;
			buildActionMask = 2147483647;
			files = (
			);
			runOnlyForDeploymentPostprocessing = 0;
		};
/* End PBXResourcesBuildPhase section */

/* Begin PBXShellScriptBuildPhase section */
		347144D9183D06E070EE90A8 /* [CP] Embed Pods Frameworks */ = {
			isa = PBXShellScriptBuildPhase;
			buildActionMask = 2147483647;
			files = (
			);
			inputFileListPaths = (
				"${PODS_ROOT}/Target Support Files/Pods-play/Pods-play-frameworks-${CONFIGURATION}-input-files.xcfilelist",
			);
			name = "[CP] Embed Pods Frameworks";
			outputFileListPaths = (
				"${PODS_ROOT}/Target Support Files/Pods-play/Pods-play-frameworks-${CONFIGURATION}-output-files.xcfilelist",
			);
			runOnlyForDeploymentPostprocessing = 0;
			shellPath = /bin/sh;
			shellScript = "\"${PODS_ROOT}/Target Support Files/Pods-play/Pods-play-frameworks.sh\"\n";
			showEnvVarsInLog = 0;
		};
		97AEC6D20E1C5AF05AA6CD62 /* [CP] Check Pods Manifest.lock */ = {
			isa = PBXShellScriptBuildPhase;
			buildActionMask = 2147483647;
			files = (
			);
			inputFileListPaths = (
			);
			inputPaths = (
				"${PODS_PODFILE_DIR_PATH}/Podfile.lock",
				"${PODS_ROOT}/Manifest.lock",
			);
			name = "[CP] Check Pods Manifest.lock";
			outputFileListPaths = (
			);
			outputPaths = (
				"$(DERIVED_FILE_DIR)/Pods-play-checkManifestLockResult.txt",
			);
			runOnlyForDeploymentPostprocessing = 0;
			shellPath = /bin/sh;
			shellScript = "diff \"${PODS_PODFILE_DIR_PATH}/Podfile.lock\" \"${PODS_ROOT}/Manifest.lock\" > /dev/null\nif [ $? != 0 ] ; then\n    # print error to STDERR\n    echo \"error: The sandbox is not in sync with the Podfile.lock. Run 'pod install' or update your CocoaPods installation.\" >&2\n    exit 1\nfi\n# This output is used by Xcode 'outputs' to avoid re-running this script phase.\necho \"SUCCESS\" > \"${SCRIPT_OUTPUT_FILE_0}\"\n";
			showEnvVarsInLog = 0;
		};
		9A15D206D6404A30879BDA24 /* [CP] Check Pods Manifest.lock */ = {
			isa = PBXShellScriptBuildPhase;
			buildActionMask = 2147483647;
			files = (
			);
			inputFileListPaths = (
			);
			inputPaths = (
				"${PODS_PODFILE_DIR_PATH}/Podfile.lock",
				"${PODS_ROOT}/Manifest.lock",
			);
			name = "[CP] Check Pods Manifest.lock";
			outputFileListPaths = (
			);
			outputPaths = (
				"$(DERIVED_FILE_DIR)/Pods-playUITests-checkManifestLockResult.txt",
			);
			runOnlyForDeploymentPostprocessing = 0;
			shellPath = /bin/sh;
			shellScript = "diff \"${PODS_PODFILE_DIR_PATH}/Podfile.lock\" \"${PODS_ROOT}/Manifest.lock\" > /dev/null\nif [ $? != 0 ] ; then\n    # print error to STDERR\n    echo \"error: The sandbox is not in sync with the Podfile.lock. Run 'pod install' or update your CocoaPods installation.\" >&2\n    exit 1\nfi\n# This output is used by Xcode 'outputs' to avoid re-running this script phase.\necho \"SUCCESS\" > \"${SCRIPT_OUTPUT_FILE_0}\"\n";
			showEnvVarsInLog = 0;
		};
		F277C90DAB5CAC6918FBD738 /* [CP] Check Pods Manifest.lock */ = {
			isa = PBXShellScriptBuildPhase;
			buildActionMask = 2147483647;
			files = (
			);
			inputFileListPaths = (
			);
			inputPaths = (
				"${PODS_PODFILE_DIR_PATH}/Podfile.lock",
				"${PODS_ROOT}/Manifest.lock",
			);
			name = "[CP] Check Pods Manifest.lock";
			outputFileListPaths = (
			);
			outputPaths = (
				"$(DERIVED_FILE_DIR)/Pods-playTests-checkManifestLockResult.txt",
			);
			runOnlyForDeploymentPostprocessing = 0;
			shellPath = /bin/sh;
			shellScript = "diff \"${PODS_PODFILE_DIR_PATH}/Podfile.lock\" \"${PODS_ROOT}/Manifest.lock\" > /dev/null\nif [ $? != 0 ] ; then\n    # print error to STDERR\n    echo \"error: The sandbox is not in sync with the Podfile.lock. Run 'pod install' or update your CocoaPods installation.\" >&2\n    exit 1\nfi\n# This output is used by Xcode 'outputs' to avoid re-running this script phase.\necho \"SUCCESS\" > \"${SCRIPT_OUTPUT_FILE_0}\"\n";
			showEnvVarsInLog = 0;
		};
		FA827154232A3C7E00B4D626 /* ShellScript */ = {
			isa = PBXShellScriptBuildPhase;
			buildActionMask = 2147483647;
			files = (
			);
			inputFileListPaths = (
			);
			inputPaths = (
				"$(SRCROOT)/$(BUILT_PRODUCTS_DIR)/$(INFOPLIST_PATH)",
			);
			outputFileListPaths = (
			);
			outputPaths = (
			);
			runOnlyForDeploymentPostprocessing = 0;
			shellPath = /bin/sh;
			shellScript = "\"${PODS_ROOT}/Fabric/run\"\n";
		};
/* End PBXShellScriptBuildPhase section */

/* Begin PBXSourcesBuildPhase section */
		FA13922222D8ED93006D64B4 /* Sources */ = {
			isa = PBXSourcesBuildPhase;
			buildActionMask = 2147483647;
			files = (
				FAB465B22309BD7700436142 /* ModifyCategoryVC.swift in Sources */,
				FA142AE522F85DE400C56AA7 /* LeftToRight.swift in Sources */,
				FACFEAE822F4CB2F00270F25 /* Deleters.swift in Sources */,
				FA142AE722F85EE600C56AA7 /* DownUpSegue.swift in Sources */,
				FA8396D322EDD0B800130FAF /* TableViewCell.swift in Sources */,
				FAA8B81A232F5B4C00C909DC /* AboutVC.swift in Sources */,
				FA3CD83222DBA3FD00BE5558 /* PanouPrimire.swift in Sources */,
				FA13922C22D8ED93006D64B4 /* ViewController.swift in Sources */,
				FAA6E9BF22EDB55D002090C3 /* DateHeader.swift in Sources */,
				FAC45C602325925900DEAE6C /* InternetManager.swift in Sources */,
				FA13923222D8ED93006D64B4 /* play.xcdatamodeld in Sources */,
				FA142AE922F85F0800C56AA7 /* UpDownSegue.swift in Sources */,
				FAA6E9B522EC375B002090C3 /* ResetPassword.swift in Sources */,
				FA142AE322F85D2E00C56AA7 /* RightToLeft.swift in Sources */,
				FAA6E9B722EC45FE002090C3 /* fetcher_testers.swift in Sources */,
				FA121DA02303348D004B14C9 /* ImageVC.swift in Sources */,
				FA17BB9F22FB3AF200CC7803 /* FailedBookingReport.swift in Sources */,
				FAD3C92422DCACAC0068E52D /* utils.swift in Sources */,
				FAA6E9BB22EDA9CF002090C3 /* BookItemVC.swift in Sources */,
				FA13922A22D8ED93006D64B4 /* AppDelegate.swift in Sources */,
				FA40234D2301FF2100F8B6DE /* GlobalUtils.swift in Sources */,
				FA01152522DF851B00F8234A /* Fetchers.swift in Sources */,
				FAC45C642327C2F700DEAE6C /* ModifyItemVC.swift in Sources */,
				FAA6E9B922ED840F002090C3 /* Writters.swift in Sources */,
				FAAD176422F2B47C00881325 /* MyBookings.swift in Sources */,
				FAEF5F2C22FED01C00E5AC6F /* AddItemAdminVC.swift in Sources */,
				FAA8B818232E7B1600C909DC /* Bodyguard.swift in Sources */,
				FA1C56532305E71A007F1BB9 /* GalleryVC.swift in Sources */,
				FA3CD83422DBA60F00BE5558 /* CreareCont.swift in Sources */,
				FAE9F5D822F7068A0074B36D /* AdminVC.swift in Sources */,
				FA5A6B7922FF1DBC00F0764E /* AdminCategoriesVC.swift in Sources */,
				FAA8B816232E5A2800C909DC /* AdminConturi.swift in Sources */,
				FA1C56512305AA46007F1BB9 /* Cache.swift in Sources */,
				FAEF5F2A22FEC99800E5AC6F /* AdminItemsVC.swift in Sources */,
				FA13F4B322FF2AEA0014CED5 /* AddCategoryAdminVC.swift in Sources */,
				FA01152322DF84E800F8234A /* Models.swift in Sources */,
				FAC45C66232815CF00DEAE6C /* ImageVC2.swift in Sources */,
				FA17BBA122FB3E4A00CC7803 /* FailReportCell.swift in Sources */,
				FA82715B232AEA4500B4D626 /* myAccount.swift in Sources */,
			);
			runOnlyForDeploymentPostprocessing = 0;
		};
		FA13923922D8ED95006D64B4 /* Sources */ = {
			isa = PBXSourcesBuildPhase;
			buildActionMask = 2147483647;
			files = (
				FA13924222D8ED95006D64B4 /* playTests.swift in Sources */,
			);
			runOnlyForDeploymentPostprocessing = 0;
		};
		FA13924422D8ED95006D64B4 /* Sources */ = {
			isa = PBXSourcesBuildPhase;
			buildActionMask = 2147483647;
			files = (
				FA13924D22D8ED95006D64B4 /* playUITests.swift in Sources */,
			);
			runOnlyForDeploymentPostprocessing = 0;
		};
/* End PBXSourcesBuildPhase section */

/* Begin PBXTargetDependency section */
		FA13923F22D8ED95006D64B4 /* PBXTargetDependency */ = {
			isa = PBXTargetDependency;
			target = FA13922522D8ED93006D64B4 /* play */;
			targetProxy = FA13923E22D8ED95006D64B4 /* PBXContainerItemProxy */;
		};
		FA13924A22D8ED95006D64B4 /* PBXTargetDependency */ = {
			isa = PBXTargetDependency;
			target = FA13922522D8ED93006D64B4 /* play */;
			targetProxy = FA13924922D8ED95006D64B4 /* PBXContainerItemProxy */;
		};
/* End PBXTargetDependency section */

/* Begin PBXVariantGroup section */
		FA13922D22D8ED93006D64B4 /* Main.storyboard */ = {
			isa = PBXVariantGroup;
			children = (
				FA13922E22D8ED93006D64B4 /* Base */,
			);
			name = Main.storyboard;
			sourceTree = "<group>";
		};
		FA13923522D8ED94006D64B4 /* LaunchScreen.storyboard */ = {
			isa = PBXVariantGroup;
			children = (
				FA13923622D8ED94006D64B4 /* Base */,
			);
			name = LaunchScreen.storyboard;
			sourceTree = "<group>";
		};
/* End PBXVariantGroup section */

/* Begin XCBuildConfiguration section */
		FA13924F22D8ED95006D64B4 /* Debug */ = {
			isa = XCBuildConfiguration;
			buildSettings = {
				ALWAYS_SEARCH_USER_PATHS = NO;
				CLANG_ANALYZER_NONNULL = YES;
				CLANG_ANALYZER_NUMBER_OBJECT_CONVERSION = YES_AGGRESSIVE;
				CLANG_CXX_LANGUAGE_STANDARD = "gnu++14";
				CLANG_CXX_LIBRARY = "libc++";
				CLANG_ENABLE_MODULES = YES;
				CLANG_ENABLE_OBJC_ARC = YES;
				CLANG_ENABLE_OBJC_WEAK = YES;
				CLANG_WARN_BLOCK_CAPTURE_AUTORELEASING = YES;
				CLANG_WARN_BOOL_CONVERSION = YES;
				CLANG_WARN_COMMA = YES;
				CLANG_WARN_CONSTANT_CONVERSION = YES;
				CLANG_WARN_DEPRECATED_OBJC_IMPLEMENTATIONS = YES;
				CLANG_WARN_DIRECT_OBJC_ISA_USAGE = YES_ERROR;
				CLANG_WARN_DOCUMENTATION_COMMENTS = YES;
				CLANG_WARN_EMPTY_BODY = YES;
				CLANG_WARN_ENUM_CONVERSION = YES;
				CLANG_WARN_INFINITE_RECURSION = YES;
				CLANG_WARN_INT_CONVERSION = YES;
				CLANG_WARN_NON_LITERAL_NULL_CONVERSION = YES;
				CLANG_WARN_OBJC_IMPLICIT_RETAIN_SELF = YES;
				CLANG_WARN_OBJC_LITERAL_CONVERSION = YES;
				CLANG_WARN_OBJC_ROOT_CLASS = YES_ERROR;
				CLANG_WARN_RANGE_LOOP_ANALYSIS = YES;
				CLANG_WARN_STRICT_PROTOTYPES = YES;
				CLANG_WARN_SUSPICIOUS_MOVE = YES;
				CLANG_WARN_UNGUARDED_AVAILABILITY = YES_AGGRESSIVE;
				CLANG_WARN_UNREACHABLE_CODE = YES;
				CLANG_WARN__DUPLICATE_METHOD_MATCH = YES;
				CODE_SIGN_IDENTITY = "iPhone Developer";
				COPY_PHASE_STRIP = NO;
				DEBUG_INFORMATION_FORMAT = dwarf;
				ENABLE_STRICT_OBJC_MSGSEND = YES;
				ENABLE_TESTABILITY = YES;
				GCC_C_LANGUAGE_STANDARD = gnu11;
				GCC_DYNAMIC_NO_PIC = NO;
				GCC_NO_COMMON_BLOCKS = YES;
				GCC_OPTIMIZATION_LEVEL = 0;
				GCC_PREPROCESSOR_DEFINITIONS = (
					"DEBUG=1",
					"$(inherited)",
				);
				GCC_WARN_64_TO_32_BIT_CONVERSION = YES;
				GCC_WARN_ABOUT_RETURN_TYPE = YES_ERROR;
				GCC_WARN_UNDECLARED_SELECTOR = YES;
				GCC_WARN_UNINITIALIZED_AUTOS = YES_AGGRESSIVE;
				GCC_WARN_UNUSED_FUNCTION = YES;
				GCC_WARN_UNUSED_VARIABLE = YES;
				IPHONEOS_DEPLOYMENT_TARGET = 12.0;
				MTL_ENABLE_DEBUG_INFO = INCLUDE_SOURCE;
				MTL_FAST_MATH = YES;
				ONLY_ACTIVE_ARCH = YES;
				SDKROOT = iphoneos;
				SWIFT_ACTIVE_COMPILATION_CONDITIONS = DEBUG;
				SWIFT_OPTIMIZATION_LEVEL = "-Onone";
			};
			name = Debug;
		};
		FA13925022D8ED95006D64B4 /* Release */ = {
			isa = XCBuildConfiguration;
			buildSettings = {
				ALWAYS_SEARCH_USER_PATHS = NO;
				CLANG_ANALYZER_NONNULL = YES;
				CLANG_ANALYZER_NUMBER_OBJECT_CONVERSION = YES_AGGRESSIVE;
				CLANG_CXX_LANGUAGE_STANDARD = "gnu++14";
				CLANG_CXX_LIBRARY = "libc++";
				CLANG_ENABLE_MODULES = YES;
				CLANG_ENABLE_OBJC_ARC = YES;
				CLANG_ENABLE_OBJC_WEAK = YES;
				CLANG_WARN_BLOCK_CAPTURE_AUTORELEASING = YES;
				CLANG_WARN_BOOL_CONVERSION = YES;
				CLANG_WARN_COMMA = YES;
				CLANG_WARN_CONSTANT_CONVERSION = YES;
				CLANG_WARN_DEPRECATED_OBJC_IMPLEMENTATIONS = YES;
				CLANG_WARN_DIRECT_OBJC_ISA_USAGE = YES_ERROR;
				CLANG_WARN_DOCUMENTATION_COMMENTS = YES;
				CLANG_WARN_EMPTY_BODY = YES;
				CLANG_WARN_ENUM_CONVERSION = YES;
				CLANG_WARN_INFINITE_RECURSION = YES;
				CLANG_WARN_INT_CONVERSION = YES;
				CLANG_WARN_NON_LITERAL_NULL_CONVERSION = YES;
				CLANG_WARN_OBJC_IMPLICIT_RETAIN_SELF = YES;
				CLANG_WARN_OBJC_LITERAL_CONVERSION = YES;
				CLANG_WARN_OBJC_ROOT_CLASS = YES_ERROR;
				CLANG_WARN_RANGE_LOOP_ANALYSIS = YES;
				CLANG_WARN_STRICT_PROTOTYPES = YES;
				CLANG_WARN_SUSPICIOUS_MOVE = YES;
				CLANG_WARN_UNGUARDED_AVAILABILITY = YES_AGGRESSIVE;
				CLANG_WARN_UNREACHABLE_CODE = YES;
				CLANG_WARN__DUPLICATE_METHOD_MATCH = YES;
				CODE_SIGN_IDENTITY = "iPhone Developer";
				COPY_PHASE_STRIP = NO;
				DEBUG_INFORMATION_FORMAT = "dwarf-with-dsym";
				ENABLE_NS_ASSERTIONS = NO;
				ENABLE_STRICT_OBJC_MSGSEND = YES;
				GCC_C_LANGUAGE_STANDARD = gnu11;
				GCC_NO_COMMON_BLOCKS = YES;
				GCC_WARN_64_TO_32_BIT_CONVERSION = YES;
				GCC_WARN_ABOUT_RETURN_TYPE = YES_ERROR;
				GCC_WARN_UNDECLARED_SELECTOR = YES;
				GCC_WARN_UNINITIALIZED_AUTOS = YES_AGGRESSIVE;
				GCC_WARN_UNUSED_FUNCTION = YES;
				GCC_WARN_UNUSED_VARIABLE = YES;
				IPHONEOS_DEPLOYMENT_TARGET = 12.0;
				MTL_ENABLE_DEBUG_INFO = NO;
				MTL_FAST_MATH = YES;
				SDKROOT = iphoneos;
				SWIFT_COMPILATION_MODE = wholemodule;
				SWIFT_OPTIMIZATION_LEVEL = "-O";
				VALIDATE_PRODUCT = YES;
			};
			name = Release;
		};
		FA13925222D8ED95006D64B4 /* Debug */ = {
			isa = XCBuildConfiguration;
			baseConfigurationReference = 081A6BF21E0806C410BB657B /* Pods-play.debug.xcconfig */;
			buildSettings = {
				ASSETCATALOG_COMPILER_APPICON_NAME = AppIcon;
				CODE_SIGN_IDENTITY = "iPhone Developer";
				CODE_SIGN_STYLE = Automatic;
				DEBUG_INFORMATION_FORMAT = "dwarf-with-dsym";
				DEVELOPMENT_TEAM = D9CQCHVH6J;
				INFOPLIST_FILE = play/Info.plist;
				LD_RUNPATH_SEARCH_PATHS = (
					"$(inherited)",
					"@executable_path/Frameworks",
				);
				PRODUCT_BUNDLE_IDENTIFIER = "items-planner";
				PRODUCT_NAME = "$(TARGET_NAME)";
				PROVISIONING_PROFILE_SPECIFIER = "";
				SWIFT_VERSION = 4.2;
				TARGETED_DEVICE_FAMILY = "1,2";
			};
			name = Debug;
		};
		FA13925322D8ED95006D64B4 /* Release */ = {
			isa = XCBuildConfiguration;
			baseConfigurationReference = 2948F6402E54DF6749154B62 /* Pods-play.release.xcconfig */;
			buildSettings = {
				ASSETCATALOG_COMPILER_APPICON_NAME = AppIcon;
				CODE_SIGN_IDENTITY = "iPhone Developer";
				CODE_SIGN_STYLE = Automatic;
				DEVELOPMENT_TEAM = D9CQCHVH6J;
				INFOPLIST_FILE = play/Info.plist;
				LD_RUNPATH_SEARCH_PATHS = (
					"$(inherited)",
					"@executable_path/Frameworks",
				);
				PRODUCT_BUNDLE_IDENTIFIER = "items-planner";
				PRODUCT_NAME = "$(TARGET_NAME)";
				PROVISIONING_PROFILE_SPECIFIER = "";
				SWIFT_VERSION = 4.2;
				TARGETED_DEVICE_FAMILY = "1,2";
			};
			name = Release;
		};
		FA13925522D8ED95006D64B4 /* Debug */ = {
			isa = XCBuildConfiguration;
			baseConfigurationReference = E4EC6F7C95DB58B5B464D396 /* Pods-playTests.debug.xcconfig */;
			buildSettings = {
				ALWAYS_EMBED_SWIFT_STANDARD_LIBRARIES = YES;
				BUNDLE_LOADER = "$(TEST_HOST)";
				CODE_SIGN_STYLE = Automatic;
				INFOPLIST_FILE = playTests/Info.plist;
				LD_RUNPATH_SEARCH_PATHS = (
					"$(inherited)",
					"@executable_path/Frameworks",
					"@loader_path/Frameworks",
				);
				PRODUCT_BUNDLE_IDENTIFIER = alexorgid.playTests;
				PRODUCT_NAME = "$(TARGET_NAME)";
				SWIFT_VERSION = 4.2;
				TARGETED_DEVICE_FAMILY = "1,2";
				TEST_HOST = "$(BUILT_PRODUCTS_DIR)/play.app/play";
			};
			name = Debug;
		};
		FA13925622D8ED95006D64B4 /* Release */ = {
			isa = XCBuildConfiguration;
			baseConfigurationReference = 040ED91A2D4EF1E41E8E26D8 /* Pods-playTests.release.xcconfig */;
			buildSettings = {
				ALWAYS_EMBED_SWIFT_STANDARD_LIBRARIES = YES;
				BUNDLE_LOADER = "$(TEST_HOST)";
				CODE_SIGN_STYLE = Automatic;
				INFOPLIST_FILE = playTests/Info.plist;
				LD_RUNPATH_SEARCH_PATHS = (
					"$(inherited)",
					"@executable_path/Frameworks",
					"@loader_path/Frameworks",
				);
				PRODUCT_BUNDLE_IDENTIFIER = alexorgid.playTests;
				PRODUCT_NAME = "$(TARGET_NAME)";
				SWIFT_VERSION = 4.2;
				TARGETED_DEVICE_FAMILY = "1,2";
				TEST_HOST = "$(BUILT_PRODUCTS_DIR)/play.app/play";
			};
			name = Release;
		};
		FA13925822D8ED95006D64B4 /* Debug */ = {
			isa = XCBuildConfiguration;
			baseConfigurationReference = D47F7EE3B6011E2083139C4B /* Pods-playUITests.debug.xcconfig */;
			buildSettings = {
				ALWAYS_EMBED_SWIFT_STANDARD_LIBRARIES = YES;
				CODE_SIGN_STYLE = Automatic;
				INFOPLIST_FILE = playUITests/Info.plist;
				LD_RUNPATH_SEARCH_PATHS = (
					"$(inherited)",
					"@executable_path/Frameworks",
					"@loader_path/Frameworks",
				);
				PRODUCT_BUNDLE_IDENTIFIER = alexorgid.playUITests;
				PRODUCT_NAME = "$(TARGET_NAME)";
				SWIFT_VERSION = 4.2;
				TARGETED_DEVICE_FAMILY = "1,2";
				TEST_TARGET_NAME = play;
			};
			name = Debug;
		};
		FA13925922D8ED95006D64B4 /* Release */ = {
			isa = XCBuildConfiguration;
			baseConfigurationReference = C11ADAAE80A32F93CA0BE611 /* Pods-playUITests.release.xcconfig */;
			buildSettings = {
				ALWAYS_EMBED_SWIFT_STANDARD_LIBRARIES = YES;
				CODE_SIGN_STYLE = Automatic;
				INFOPLIST_FILE = playUITests/Info.plist;
				LD_RUNPATH_SEARCH_PATHS = (
					"$(inherited)",
					"@executable_path/Frameworks",
					"@loader_path/Frameworks",
				);
				PRODUCT_BUNDLE_IDENTIFIER = alexorgid.playUITests;
				PRODUCT_NAME = "$(TARGET_NAME)";
				SWIFT_VERSION = 4.2;
				TARGETED_DEVICE_FAMILY = "1,2";
				TEST_TARGET_NAME = play;
			};
			name = Release;
		};
/* End XCBuildConfiguration section */

/* Begin XCConfigurationList section */
		FA13922122D8ED93006D64B4 /* Build configuration list for PBXProject "play" */ = {
			isa = XCConfigurationList;
			buildConfigurations = (
				FA13924F22D8ED95006D64B4 /* Debug */,
				FA13925022D8ED95006D64B4 /* Release */,
			);
			defaultConfigurationIsVisible = 0;
			defaultConfigurationName = Release;
		};
		FA13925122D8ED95006D64B4 /* Build configuration list for PBXNativeTarget "play" */ = {
			isa = XCConfigurationList;
			buildConfigurations = (
				FA13925222D8ED95006D64B4 /* Debug */,
				FA13925322D8ED95006D64B4 /* Release */,
			);
			defaultConfigurationIsVisible = 0;
			defaultConfigurationName = Release;
		};
		FA13925422D8ED95006D64B4 /* Build configuration list for PBXNativeTarget "playTests" */ = {
			isa = XCConfigurationList;
			buildConfigurations = (
				FA13925522D8ED95006D64B4 /* Debug */,
				FA13925622D8ED95006D64B4 /* Release */,
			);
			defaultConfigurationIsVisible = 0;
			defaultConfigurationName = Release;
		};
		FA13925722D8ED95006D64B4 /* Build configuration list for PBXNativeTarget "playUITests" */ = {
			isa = XCConfigurationList;
			buildConfigurations = (
				FA13925822D8ED95006D64B4 /* Debug */,
				FA13925922D8ED95006D64B4 /* Release */,
			);
			defaultConfigurationIsVisible = 0;
			defaultConfigurationName = Release;
		};
/* End XCConfigurationList section */

/* Begin XCVersionGroup section */
		FA13923022D8ED93006D64B4 /* play.xcdatamodeld */ = {
			isa = XCVersionGroup;
			children = (
				FA13923122D8ED93006D64B4 /* play.xcdatamodel */,
			);
			currentVersion = FA13923122D8ED93006D64B4 /* play.xcdatamodel */;
			path = play.xcdatamodeld;
			sourceTree = "<group>";
			versionGroupType = wrapper.xcdatamodel;
		};
/* End XCVersionGroup section */
	};
	rootObject = FA13921E22D8ED93006D64B4 /* Project object */;
}
